
Microsoft Visual Studio Solution File, Format Version 12.00
# Visual Studio Version 16
VisualStudioVersion = 16.0.30330.147
MinimumVisualStudioVersion = 10.0.40219.1
Project("{FAE04EC0-301F-11D3-BF4B-00C04F79EFBC}") = "ExceptionHandling", "ExceptionHandling\ExceptionHandling.csproj", "{645C18E1-A1B7-4877-8C33-3095D0BDC8E1}"
EndProject
Global
	GlobalSection(SolutionConfigurationPlatforms) = preSolution
		Debug|Any CPU = Debug|Any CPU
		Release|Any CPU = Release|Any CPU
	EndGlobalSection
	GlobalSection(ProjectConfigurationPlatforms) = postSolution
		{645C18E1-A1B7-4877-8C33-3095D0BDC8E1}.Debug|Any CPU.ActiveCfg = Debug|Any CPU
		{645C18E1-A1B7-4877-8C33-3095D0BDC8E1}.Debug|Any CPU.Build.0 = Debug|Any CPU
		{645C18E1-A1B7-4877-8C33-3095D0BDC8E1}.Release|Any CPU.ActiveCfg = Release|Any CPU
		{645C18E1-A1B7-4877-8C33-3095D0BDC8E1}.Release|Any CPU.Build.0 = Release|Any CPU
	EndGlobalSection
	GlobalSection(SolutionProperties) = preSolution
		HideSolutionNode = FALSE
	EndGlobalSection
	GlobalSection(ExtensibilityGlobals) = postSolution
		SolutionGuid = {6448B1C9-3096-4A58-923F-7EDCD6505894}
	EndGlobalSection
EndGlobal
